
Microsoft Visual Studio Solution File, Format Version 12.00
# Visual Studio 2013
VisualStudioVersion = 12.0.21005.1
MinimumVisualStudioVersion = 10.0.40219.1
Project("{FAE04EC0-301F-11D3-BF4B-00C04F79EFBC}") = "MSTestsCalculator", "MSTestsCalculator\MSTestsCalculator.csproj", "{9DFC9426-E79C-4F0C-B88F-68CF73C98C26}"
EndProject
Project("{FAE04EC0-301F-11D3-BF4B-00C04F79EFBC}") = "NUnitTestsCalculator", "NUnitTestsCalculator\NUnitTestsCalculator.csproj", "{4F49EFAD-D2AA-43F5-A51A-6200404EFFA5}"
EndProject
Project("{2150E333-8FDC-42A3-9474-1A3956D46DE8}") = ".nuget", ".nuget", "{8F58AE0B-1C3E-4657-806F-D5D972A470A8}"
	ProjectSection(SolutionItems) = preProject
		.nuget\packages.config = .nuget\packages.config
	EndProjectSection
EndProject
Global
	GlobalSection(SolutionConfigurationPlatforms) = preSolution
		Debug|Any CPU = Debug|Any CPU
		Release|Any CPU = Release|Any CPU
	EndGlobalSection
	GlobalSection(ProjectConfigurationPlatforms) = postSolution
		{9DFC9426-E79C-4F0C-B88F-68CF73C98C26}.Debug|Any CPU.ActiveCfg = Debug|Any CPU
		{9DFC9426-E79C-4F0C-B88F-68CF73C98C26}.Debug|Any CPU.Build.0 = Debug|Any CPU
		{9DFC9426-E79C-4F0C-B88F-68CF73C98C26}.Release|Any CPU.ActiveCfg = Release|Any CPU
		{9DFC9426-E79C-4F0C-B88F-68CF73C98C26}.Release|Any CPU.Build.0 = Release|Any CPU
		{4F49EFAD-D2AA-43F5-A51A-6200404EFFA5}.Debug|Any CPU.ActiveCfg = Debug|Any CPU
		{4F49EFAD-D2AA-43F5-A51A-6200404EFFA5}.Debug|Any CPU.Build.0 = Debug|Any CPU
		{4F49EFAD-D2AA-43F5-A51A-6200404EFFA5}.Release|Any CPU.ActiveCfg = Release|Any CPU
		{4F49EFAD-D2AA-43F5-A51A-6200404EFFA5}.Release|Any CPU.Build.0 = Release|Any CPU
	EndGlobalSection
	GlobalSection(SolutionProperties) = preSolution
		HideSolutionNode = FALSE
	EndGlobalSection
EndGlobal
